// !$*UTF8*$!
{
	archiveVersion = 1;
	classes = {
	};
	objectVersion = 48;
	objects = {

/* Begin PBXBuildFile section */
		CF0838D22127B95E00CC0725 /* AppDelegate.swift in Sources */ = {isa = PBXBuildFile; fileRef = CF0838D12127B95E00CC0725 /* AppDelegate.swift */; };
		CF0838D72127B95E00CC0725 /* Main.storyboard in Resources */ = {isa = PBXBuildFile; fileRef = CF0838D52127B95E00CC0725 /* Main.storyboard */; };
		CF0838DC2127B95E00CC0725 /* LaunchScreen.storyboard in Resources */ = {isa = PBXBuildFile; fileRef = CF0838DA2127B95E00CC0725 /* LaunchScreen.storyboard */; };
		CF0838E72127B95E00CC0725 /* _0180817_AfnanMirza_NYCSchoolsTests.swift in Sources */ = {isa = PBXBuildFile; fileRef = CF0838E62127B95E00CC0725 /* _0180817_AfnanMirza_NYCSchoolsTests.swift */; };
		CF0838F22127B95E00CC0725 /* _0180817_AfnanMirza_NYCSchoolsUITests.swift in Sources */ = {isa = PBXBuildFile; fileRef = CF0838F12127B95E00CC0725 /* _0180817_AfnanMirza_NYCSchoolsUITests.swift */; };
		CF0839042127BC8C00CC0725 /* NYCHSViewController.swift in Sources */ = {isa = PBXBuildFile; fileRef = CF0839032127BC8C00CC0725 /* NYCHSViewController.swift */; };
		CF0839062127BE5100CC0725 /* NYCHighSchools.swift in Sources */ = {isa = PBXBuildFile; fileRef = CF0839052127BE5100CC0725 /* NYCHighSchools.swift */; };
		CF0839082127BF4600CC0725 /* Constants.swift in Sources */ = {isa = PBXBuildFile; fileRef = CF0839072127BF4600CC0725 /* Constants.swift */; };
		CF08390A2127C18900CC0725 /* Utils.swift in Sources */ = {isa = PBXBuildFile; fileRef = CF0839092127C18900CC0725 /* Utils.swift */; };
		CF08390C2127C96D00CC0725 /* NYCHSDetailTableViewController.swift in Sources */ = {isa = PBXBuildFile; fileRef = CF08390B2127C96D00CC0725 /* NYCHSDetailTableViewController.swift */; };
		CF08390F2127CA2700CC0725 /* HSOverviewTableViewCell.swift in Sources */ = {isa = PBXBuildFile; fileRef = CF08390E2127CA2700CC0725 /* HSOverviewTableViewCell.swift */; };
		CF0839112127CDD500CC0725 /* HSAddressTableViewCell.swift in Sources */ = {isa = PBXBuildFile; fileRef = CF0839102127CDD500CC0725 /* HSAddressTableViewCell.swift */; };
		CF20F8312127E93300AFD1AC /* logo.png in Resources */ = {isa = PBXBuildFile; fileRef = CF20F8302127E93300AFD1AC /* logo.png */; };
		CF20F8332127EA2A00AFD1AC /* README.md in Resources */ = {isa = PBXBuildFile; fileRef = CF20F8322127EA2A00AFD1AC /* README.md */; };
		CF2370B4212B26C6007874B6 /* NYCHSTableViewCell.swift in Sources */ = {isa = PBXBuildFile; fileRef = CF2370B3212B26C6007874B6 /* NYCHSTableViewCell.swift */; };
		CF2F167F2127D3D80007CEA8 /* HSSatScoresTableViewCell.swift in Sources */ = {isa = PBXBuildFile; fileRef = CF2F167E2127D3D80007CEA8 /* HSSatScoresTableViewCell.swift */; };
		CF9332A62127E65C00BC0B12 /* Images.xcassets in Resources */ = {isa = PBXBuildFile; fileRef = CF9332A52127E65C00BC0B12 /* Images.xcassets */; };
		CFA07E502127D631005670E3 /* HSContactTableViewCell.swift in Sources */ = {isa = PBXBuildFile; fileRef = CFA07E4F2127D631005670E3 /* HSContactTableViewCell.swift */; };
		CFA07E532127D7DD005670E3 /* Extensions.swift in Sources */ = {isa = PBXBuildFile; fileRef = CFA07E522127D7DD005670E3 /* Extensions.swift */; };
		CFA07E552127D994005670E3 /* DetailCells.swift in Sources */ = {isa = PBXBuildFile; fileRef = CFA07E542127D994005670E3 /* DetailCells.swift */; };
		CFA07E582127DC64005670E3 /* CellAnimator.swift in Sources */ = {isa = PBXBuildFile; fileRef = CFA07E572127DC64005670E3 /* CellAnimator.swift */; };
		CFC9D403212872A4007174B3 /* Chivo-Regular.ttf in Resources */ = {isa = PBXBuildFile; fileRef = CF35BC05212870210005875D /* Chivo-Regular.ttf */; };
		CFC9D40621287348007174B3 /* Montserrat-Regular.otf in Resources */ = {isa = PBXBuildFile; fileRef = CFC9D40421287345007174B3 /* Montserrat-Regular.otf */; };
		CFC9D40721287348007174B3 /* Montserrat-Bold.otf in Resources */ = {isa = PBXBuildFile; fileRef = CFC9D40521287347007174B3 /* Montserrat-Bold.otf */; };
		CFD6A591212B533C0036DD1B /* img4.png in Resources */ = {isa = PBXBuildFile; fileRef = CFD6A58C212B533C0036DD1B /* img4.png */; };
		CFD6A592212B533C0036DD1B /* img5.png in Resources */ = {isa = PBXBuildFile; fileRef = CFD6A58D212B533C0036DD1B /* img5.png */; };
		CFD6A593212B533C0036DD1B /* img3.png in Resources */ = {isa = PBXBuildFile; fileRef = CFD6A58E212B533C0036DD1B /* img3.png */; };
		CFD6A594212B533C0036DD1B /* img1.png in Resources */ = {isa = PBXBuildFile; fileRef = CFD6A58F212B533C0036DD1B /* img1.png */; };
		CFD6A595212B533C0036DD1B /* img2.png in Resources */ = {isa = PBXBuildFile; fileRef = CFD6A590212B533C0036DD1B /* img2.png */; };
/* End PBXBuildFile section */

/* Begin PBXContainerItemProxy section */
		CF0838E32127B95E00CC0725 /* PBXContainerItemProxy */ = {
			isa = PBXContainerItemProxy;
			containerPortal = CF0838C62127B95D00CC0725 /* Project object */;
			proxyType = 1;
			remoteGlobalIDString = CF0838CD2127B95D00CC0725;
			remoteInfo = "20180817-AfnanMirza-NYCSchools";
		};
		CF0838EE2127B95E00CC0725 /* PBXContainerItemProxy */ = {
			isa = PBXContainerItemProxy;
			containerPortal = CF0838C62127B95D00CC0725 /* Project object */;
			proxyType = 1;
			remoteGlobalIDString = CF0838CD2127B95D00CC0725;
			remoteInfo = "20180817-AfnanMirza-NYCSchools";
		};
/* End PBXContainerItemProxy section */

/* Begin PBXFileReference section */
		CF0838CE2127B95D00CC0725 /* 20180817-AfnanMirza-NYCSchools.app */ = {isa = PBXFileReference; explicitFileType = wrapper.application; includeInIndex = 0; path = "20180817-AfnanMirza-NYCSchools.app"; sourceTree = BUILT_PRODUCTS_DIR; };
		CF0838D12127B95E00CC0725 /* AppDelegate.swift */ = {isa = PBXFileReference; lastKnownFileType = sourcecode.swift; path = AppDelegate.swift; sourceTree = "<group>"; };
		CF0838D62127B95E00CC0725 /* Base */ = {isa = PBXFileReference; lastKnownFileType = file.storyboard; name = Base; path = Base.lproj/Main.storyboard; sourceTree = "<group>"; };
		CF0838DB2127B95E00CC0725 /* Base */ = {isa = PBXFileReference; lastKnownFileType = file.storyboard; name = Base; path = Base.lproj/LaunchScreen.storyboard; sourceTree = "<group>"; };
		CF0838DD2127B95E00CC0725 /* Info.plist */ = {isa = PBXFileReference; lastKnownFileType = text.plist.xml; path = Info.plist; sourceTree = "<group>"; };
		CF0838E22127B95E00CC0725 /* 20180817-AfnanMirza-NYCSchoolsTests.xctest */ = {isa = PBXFileReference; explicitFileType = wrapper.cfbundle; includeInIndex = 0; path = "20180817-AfnanMirza-NYCSchoolsTests.xctest"; sourceTree = BUILT_PRODUCTS_DIR; };
		CF0838E62127B95E00CC0725 /* _0180817_AfnanMirza_NYCSchoolsTests.swift */ = {isa = PBXFileReference; lastKnownFileType = sourcecode.swift; path = _0180817_AfnanMirza_NYCSchoolsTests.swift; sourceTree = "<group>"; };
		CF0838E82127B95E00CC0725 /* Info.plist */ = {isa = PBXFileReference; lastKnownFileType = text.plist.xml; path = Info.plist; sourceTree = "<group>"; };
		CF0838ED2127B95E00CC0725 /* 20180817-AfnanMirza-NYCSchoolsUITests.xctest */ = {isa = PBXFileReference; explicitFileType = wrapper.cfbundle; includeInIndex = 0; path = "20180817-AfnanMirza-NYCSchoolsUITests.xctest"; sourceTree = BUILT_PRODUCTS_DIR; };
		CF0838F12127B95E00CC0725 /* _0180817_AfnanMirza_NYCSchoolsUITests.swift */ = {isa = PBXFileReference; lastKnownFileType = sourcecode.swift; path = _0180817_AfnanMirza_NYCSchoolsUITests.swift; sourceTree = "<group>"; };
		CF0838F32127B95E00CC0725 /* Info.plist */ = {isa = PBXFileReference; lastKnownFileType = text.plist.xml; path = Info.plist; sourceTree = "<group>"; };
		CF0839032127BC8C00CC0725 /* NYCHSViewController.swift */ = {isa = PBXFileReference; lastKnownFileType = sourcecode.swift; path = NYCHSViewController.swift; sourceTree = "<group>"; };
		CF0839052127BE5100CC0725 /* NYCHighSchools.swift */ = {isa = PBXFileReference; lastKnownFileType = sourcecode.swift; path = NYCHighSchools.swift; sourceTree = "<group>"; };
		CF0839072127BF4600CC0725 /* Constants.swift */ = {isa = PBXFileReference; lastKnownFileType = sourcecode.swift; path = Constants.swift; sourceTree = "<group>"; };
		CF0839092127C18900CC0725 /* Utils.swift */ = {isa = PBXFileReference; lastKnownFileType = sourcecode.swift; path = Utils.swift; sourceTree = "<group>"; };
		CF08390B2127C96D00CC0725 /* NYCHSDetailTableViewController.swift */ = {isa = PBXFileReference; lastKnownFileType = sourcecode.swift; path = NYCHSDetailTableViewController.swift; sourceTree = "<group>"; };
		CF08390E2127CA2700CC0725 /* HSOverviewTableViewCell.swift */ = {isa = PBXFileReference; lastKnownFileType = sourcecode.swift; path = HSOverviewTableViewCell.swift; sourceTree = "<group>"; };
		CF0839102127CDD500CC0725 /* HSAddressTableViewCell.swift */ = {isa = PBXFileReference; lastKnownFileType = sourcecode.swift; path = HSAddressTableViewCell.swift; sourceTree = "<group>"; };
		CF20F8302127E93300AFD1AC /* logo.png */ = {isa = PBXFileReference; lastKnownFileType = image.png; path = logo.png; sourceTree = "<group>"; };
		CF20F8322127EA2A00AFD1AC /* README.md */ = {isa = PBXFileReference; lastKnownFileType = net.daringfireball.markdown; path = README.md; sourceTree = "<group>"; };
		CF2370B3212B26C6007874B6 /* NYCHSTableViewCell.swift */ = {isa = PBXFileReference; lastKnownFileType = sourcecode.swift; path = NYCHSTableViewCell.swift; sourceTree = "<group>"; };
		CF2F167E2127D3D80007CEA8 /* HSSatScoresTableViewCell.swift */ = {isa = PBXFileReference; lastKnownFileType = sourcecode.swift; path = HSSatScoresTableViewCell.swift; sourceTree = "<group>"; };
		CF35BC05212870210005875D /* Chivo-Regular.ttf */ = {isa = PBXFileReference; lastKnownFileType = file; path = "Chivo-Regular.ttf"; sourceTree = "<group>"; };
		CF9332A52127E65C00BC0B12 /* Images.xcassets */ = {isa = PBXFileReference; lastKnownFileType = folder.assetcatalog; path = Images.xcassets; sourceTree = "<group>"; };
		CFA07E4F2127D631005670E3 /* HSContactTableViewCell.swift */ = {isa = PBXFileReference; lastKnownFileType = sourcecode.swift; path = HSContactTableViewCell.swift; sourceTree = "<group>"; };
		CFA07E522127D7DD005670E3 /* Extensions.swift */ = {isa = PBXFileReference; lastKnownFileType = sourcecode.swift; path = Extensions.swift; sourceTree = "<group>"; };
		CFA07E542127D994005670E3 /* DetailCells.swift */ = {isa = PBXFileReference; lastKnownFileType = sourcecode.swift; path = DetailCells.swift; sourceTree = "<group>"; };
		CFA07E572127DC64005670E3 /* CellAnimator.swift */ = {isa = PBXFileReference; lastKnownFileType = sourcecode.swift; path = CellAnimator.swift; sourceTree = "<group>"; };
		CFC9D40421287345007174B3 /* Montserrat-Regular.otf */ = {isa = PBXFileReference; lastKnownFileType = file; path = "Montserrat-Regular.otf"; sourceTree = "<group>"; };
		CFC9D40521287347007174B3 /* Montserrat-Bold.otf */ = {isa = PBXFileReference; lastKnownFileType = file; path = "Montserrat-Bold.otf"; sourceTree = "<group>"; };
		CFD6A58C212B533C0036DD1B /* img4.png */ = {isa = PBXFileReference; lastKnownFileType = image.png; path = img4.png; sourceTree = "<group>"; };
		CFD6A58D212B533C0036DD1B /* img5.png */ = {isa = PBXFileReference; lastKnownFileType = image.png; path = img5.png; sourceTree = "<group>"; };
		CFD6A58E212B533C0036DD1B /* img3.png */ = {isa = PBXFileReference; lastKnownFileType = image.png; path = img3.png; sourceTree = "<group>"; };
		CFD6A58F212B533C0036DD1B /* img1.png */ = {isa = PBXFileReference; lastKnownFileType = image.png; path = img1.png; sourceTree = "<group>"; };
		CFD6A590212B533C0036DD1B /* img2.png */ = {isa = PBXFileReference; lastKnownFileType = image.png; path = img2.png; sourceTree = "<group>"; };
/* End PBXFileReference section */

/* Begin PBXFrameworksBuildPhase section */
		CF0838CB2127B95D00CC0725 /* Frameworks */ = {
			isa = PBXFrameworksBuildPhase;
			buildActionMask = 2147483647;
			files = (
			);
			runOnlyForDeploymentPostprocessing = 0;
		};
		CF0838DF2127B95E00CC0725 /* Frameworks */ = {
			isa = PBXFrameworksBuildPhase;
			buildActionMask = 2147483647;
			files = (
			);
			runOnlyForDeploymentPostprocessing = 0;
		};
		CF0838EA2127B95E00CC0725 /* Frameworks */ = {
			isa = PBXFrameworksBuildPhase;
			buildActionMask = 2147483647;
			files = (
			);
			runOnlyForDeploymentPostprocessing = 0;
		};
/* End PBXFrameworksBuildPhase section */

/* Begin PBXGroup section */
		CF0838C52127B95D00CC0725 = {
			isa = PBXGroup;
			children = (
				CF20F8322127EA2A00AFD1AC /* README.md */,
				CF69BE95212B47F600B4D7F2 /* Screenshots */,
				CF0838D02127B95D00CC0725 /* 20180817-AfnanMirza-NYCSchools */,
				CF0838E52127B95E00CC0725 /* 20180817-AfnanMirza-NYCSchoolsTests */,
				CF0838F02127B95E00CC0725 /* 20180817-AfnanMirza-NYCSchoolsUITests */,
				CF0838CF2127B95D00CC0725 /* Products */,
			);
			sourceTree = "<group>";
		};
		CF0838CF2127B95D00CC0725 /* Products */ = {
			isa = PBXGroup;
			children = (
				CF0838CE2127B95D00CC0725 /* 20180817-AfnanMirza-NYCSchools.app */,
				CF0838E22127B95E00CC0725 /* 20180817-AfnanMirza-NYCSchoolsTests.xctest */,
				CF0838ED2127B95E00CC0725 /* 20180817-AfnanMirza-NYCSchoolsUITests.xctest */,
			);
			name = Products;
			sourceTree = "<group>";
		};
		CF0838D02127B95D00CC0725 /* 20180817-AfnanMirza-NYCSchools */ = {
			isa = PBXGroup;
			children = (
				CF35BC0421286FFD0005875D /* Fonts */,
				CFA07E562127DC50005670E3 /* Frameworks */,
				CFA07E512127D7CB005670E3 /* Extensions */,
				CF0839022127B9A900CC0725 /* Models */,
				CF0839012127B99C00CC0725 /* View Controllers */,
				CF0839002127B98E00CC0725 /* Supporting Files */,
				CF0838FF2127B98400CC0725 /* Storyboards */,
			);
			path = "20180817-AfnanMirza-NYCSchools";
			sourceTree = "<group>";
		};
		CF0838E52127B95E00CC0725 /* 20180817-AfnanMirza-NYCSchoolsTests */ = {
			isa = PBXGroup;
			children = (
				CF0838E62127B95E00CC0725 /* _0180817_AfnanMirza_NYCSchoolsTests.swift */,
				CF0838E82127B95E00CC0725 /* Info.plist */,
			);
			path = "20180817-AfnanMirza-NYCSchoolsTests";
			sourceTree = "<group>";
		};
		CF0838F02127B95E00CC0725 /* 20180817-AfnanMirza-NYCSchoolsUITests */ = {
			isa = PBXGroup;
			children = (
				CF0838F12127B95E00CC0725 /* _0180817_AfnanMirza_NYCSchoolsUITests.swift */,
				CF0838F32127B95E00CC0725 /* Info.plist */,
			);
			path = "20180817-AfnanMirza-NYCSchoolsUITests";
			sourceTree = "<group>";
		};
		CF0838FF2127B98400CC0725 /* Storyboards */ = {
			isa = PBXGroup;
			children = (
				CF0838D52127B95E00CC0725 /* Main.storyboard */,
			);
			path = Storyboards;
			sourceTree = "<group>";
		};
		CF0839002127B98E00CC0725 /* Supporting Files */ = {
			isa = PBXGroup;
			children = (
				CF20F8302127E93300AFD1AC /* logo.png */,
				CF9332A52127E65C00BC0B12 /* Images.xcassets */,
				CF0838D12127B95E00CC0725 /* AppDelegate.swift */,
				CF0838DA2127B95E00CC0725 /* LaunchScreen.storyboard */,
				CF0838DD2127B95E00CC0725 /* Info.plist */,
				CF0839072127BF4600CC0725 /* Constants.swift */,
				CF0839092127C18900CC0725 /* Utils.swift */,
				CFA07E542127D994005670E3 /* DetailCells.swift */,
			);
			path = "Supporting Files";
			sourceTree = "<group>";
		};
		CF0839012127B99C00CC0725 /* View Controllers */ = {
			isa = PBXGroup;
			children = (
				CF08390D2127CA1500CC0725 /* Cells */,
				CF0839032127BC8C00CC0725 /* NYCHSViewController.swift */,
				CF08390B2127C96D00CC0725 /* NYCHSDetailTableViewController.swift */,
			);
			path = "View Controllers";
			sourceTree = "<group>";
		};
		CF0839022127B9A900CC0725 /* Models */ = {
			isa = PBXGroup;
			children = (
				CF0839052127BE5100CC0725 /* NYCHighSchools.swift */,
			);
			path = Models;
			sourceTree = "<group>";
		};
		CF08390D2127CA1500CC0725 /* Cells */ = {
			isa = PBXGroup;
			children = (
				CF2370B5212B270B007874B6 /* Detail Cells */,
				CF2370B3212B26C6007874B6 /* NYCHSTableViewCell.swift */,
			);
			path = Cells;
			sourceTree = "<group>";
		};
		CF2370B5212B270B007874B6 /* Detail Cells */ = {
			isa = PBXGroup;
			children = (
				CF08390E2127CA2700CC0725 /* HSOverviewTableViewCell.swift */,
				CF0839102127CDD500CC0725 /* HSAddressTableViewCell.swift */,
				CF2F167E2127D3D80007CEA8 /* HSSatScoresTableViewCell.swift */,
				CFA07E4F2127D631005670E3 /* HSContactTableViewCell.swift */,
			);
			path = "Detail Cells";
			sourceTree = "<group>";
		};
		CF35BC0421286FFD0005875D /* Fonts */ = {
			isa = PBXGroup;
			children = (
				CFC9D40521287347007174B3 /* Montserrat-Bold.otf */,
				CFC9D40421287345007174B3 /* Montserrat-Regular.otf */,
				CF35BC05212870210005875D /* Chivo-Regular.ttf */,
			);
			path = Fonts;
			sourceTree = "<group>";
		};
		CF69BE95212B47F600B4D7F2 /* Screenshots */ = {
			isa = PBXGroup;
			children = (
				CFD6A58F212B533C0036DD1B /* img1.png */,
				CFD6A590212B533C0036DD1B /* img2.png */,
				CFD6A58E212B533C0036DD1B /* img3.png */,
				CFD6A58C212B533C0036DD1B /* img4.png */,
				CFD6A58D212B533C0036DD1B /* img5.png */,
			);
			path = Screenshots;
			sourceTree = "<group>";
		};
		CFA07E512127D7CB005670E3 /* Extensions */ = {
			isa = PBXGroup;
			children = (
				CFA07E522127D7DD005670E3 /* Extensions.swift */,
			);
			path = Extensions;
			sourceTree = "<group>";
		};
		CFA07E562127DC50005670E3 /* Frameworks */ = {
			isa = PBXGroup;
			children = (
				CFA07E572127DC64005670E3 /* CellAnimator.swift */,
			);
			path = Frameworks;
			sourceTree = "<group>";
		};
/* End PBXGroup section */

/* Begin PBXNativeTarget section */
		CF0838CD2127B95D00CC0725 /* 20180817-AfnanMirza-NYCSchools */ = {
			isa = PBXNativeTarget;
			buildConfigurationList = CF0838F62127B95E00CC0725 /* Build configuration list for PBXNativeTarget "20180817-AfnanMirza-NYCSchools" */;
			buildPhases = (
				CF0838CA2127B95D00CC0725 /* Sources */,
				CF0838CB2127B95D00CC0725 /* Frameworks */,
				CF0838CC2127B95D00CC0725 /* Resources */,
			);
			buildRules = (
			);
			dependencies = (
			);
			name = "20180817-AfnanMirza-NYCSchools";
			productName = "20180817-AfnanMirza-NYCSchools";
			productReference = CF0838CE2127B95D00CC0725 /* 20180817-AfnanMirza-NYCSchools.app */;
			productType = "com.apple.product-type.application";
		};
		CF0838E12127B95E00CC0725 /* 20180817-AfnanMirza-NYCSchoolsTests */ = {
			isa = PBXNativeTarget;
			buildConfigurationList = CF0838F92127B95E00CC0725 /* Build configuration list for PBXNativeTarget "20180817-AfnanMirza-NYCSchoolsTests" */;
			buildPhases = (
				CF0838DE2127B95E00CC0725 /* Sources */,
				CF0838DF2127B95E00CC0725 /* Frameworks */,
				CF0838E02127B95E00CC0725 /* Resources */,
			);
			buildRules = (
			);
			dependencies = (
				CF0838E42127B95E00CC0725 /* PBXTargetDependency */,
			);
			name = "20180817-AfnanMirza-NYCSchoolsTests";
			productName = "20180817-AfnanMirza-NYCSchoolsTests";
			productReference = CF0838E22127B95E00CC0725 /* 20180817-AfnanMirza-NYCSchoolsTests.xctest */;
			productType = "com.apple.product-type.bundle.unit-test";
		};
		CF0838EC2127B95E00CC0725 /* 20180817-AfnanMirza-NYCSchoolsUITests */ = {
			isa = PBXNativeTarget;
			buildConfigurationList = CF0838FC2127B95E00CC0725 /* Build configuration list for PBXNativeTarget "20180817-AfnanMirza-NYCSchoolsUITests" */;
			buildPhases = (
				CF0838E92127B95E00CC0725 /* Sources */,
				CF0838EA2127B95E00CC0725 /* Frameworks */,
				CF0838EB2127B95E00CC0725 /* Resources */,
			);
			buildRules = (
			);
			dependencies = (
				CF0838EF2127B95E00CC0725 /* PBXTargetDependency */,
			);
			name = "20180817-AfnanMirza-NYCSchoolsUITests";
			productName = "20180817-AfnanMirza-NYCSchoolsUITests";
			productReference = CF0838ED2127B95E00CC0725 /* 20180817-AfnanMirza-NYCSchoolsUITests.xctest */;
			productType = "com.apple.product-type.bundle.ui-testing";
		};
/* End PBXNativeTarget section */

/* Begin PBXProject section */
		CF0838C62127B95D00CC0725 /* Project object */ = {
			isa = PBXProject;
			attributes = {
				LastSwiftUpdateCheck = 0920;
				LastUpgradeCheck = 0920;
				ORGANIZATIONNAME = "Afnan Mirza";
				TargetAttributes = {
					CF0838CD2127B95D00CC0725 = {
						CreatedOnToolsVersion = 9.2;
						ProvisioningStyle = Automatic;
					};
					CF0838E12127B95E00CC0725 = {
						CreatedOnToolsVersion = 9.2;
						ProvisioningStyle = Automatic;
						TestTargetID = CF0838CD2127B95D00CC0725;
					};
					CF0838EC2127B95E00CC0725 = {
						CreatedOnToolsVersion = 9.2;
						ProvisioningStyle = Automatic;
						TestTargetID = CF0838CD2127B95D00CC0725;
					};
				};
			};
			buildConfigurationList = CF0838C92127B95D00CC0725 /* Build configuration list for PBXProject "20180817-AfnanMirza-NYCSchools" */;
			compatibilityVersion = "Xcode 8.0";
			developmentRegion = en;
			hasScannedForEncodings = 0;
			knownRegions = (
				en,
				Base,
			);
			mainGroup = CF0838C52127B95D00CC0725;
			productRefGroup = CF0838CF2127B95D00CC0725 /* Products */;
			projectDirPath = "";
			projectRoot = "";
			targets = (
				CF0838CD2127B95D00CC0725 /* 20180817-AfnanMirza-NYCSchools */,
				CF0838E12127B95E00CC0725 /* 20180817-AfnanMirza-NYCSchoolsTests */,
				CF0838EC2127B95E00CC0725 /* 20180817-AfnanMirza-NYCSchoolsUITests */,
			);
		};
/* End PBXProject section */

/* Begin PBXResourcesBuildPhase section */
		CF0838CC2127B95D00CC0725 /* Resources */ = {
			isa = PBXResourcesBuildPhase;
			buildActionMask = 2147483647;
			files = (
				CFC9D403212872A4007174B3 /* Chivo-Regular.ttf in Resources */,
				CFD6A592212B533C0036DD1B /* img5.png in Resources */,
				CF20F8312127E93300AFD1AC /* logo.png in Resources */,
				CFD6A591212B533C0036DD1B /* img4.png in Resources */,
				CF9332A62127E65C00BC0B12 /* Images.xcassets in Resources */,
				CFD6A594212B533C0036DD1B /* img1.png in Resources */,
				CFD6A593212B533C0036DD1B /* img3.png in Resources */,
				CF20F8332127EA2A00AFD1AC /* README.md in Resources */,
				CF0838DC2127B95E00CC0725 /* LaunchScreen.storyboard in Resources */,
				CFC9D40621287348007174B3 /* Montserrat-Regular.otf in Resources */,
				CFD6A595212B533C0036DD1B /* img2.png in Resources */,
				CF0838D72127B95E00CC0725 /* Main.storyboard in Resources */,
				CFC9D40721287348007174B3 /* Montserrat-Bold.otf in Resources */,
			);
			runOnlyForDeploymentPostprocessing = 0;
		};
		CF0838E02127B95E00CC0725 /* Resources */ = {
			isa = PBXResourcesBuildPhase;
			buildActionMask = 2147483647;
			files = (
			);
			runOnlyForDeploymentPostprocessing = 0;
		};
		CF0838EB2127B95E00CC0725 /* Resources */ = {
			isa = PBXResourcesBuildPhase;
			buildActionMask = 2147483647;
			files = (
			);
			runOnlyForDeploymentPostprocessing = 0;
		};
/* End PBXResourcesBuildPhase section */

/* Begin PBXSourcesBuildPhase section */
		CF0838CA2127B95D00CC0725 /* Sources */ = {
			isa = PBXSourcesBuildPhase;
			buildActionMask = 2147483647;
			files = (
				CF08390A2127C18900CC0725 /* Utils.swift in Sources */,
				CFA07E552127D994005670E3 /* DetailCells.swift in Sources */,
				CF08390F2127CA2700CC0725 /* HSOverviewTableViewCell.swift in Sources */,
				CF0839062127BE5100CC0725 /* NYCHighSchools.swift in Sources */,
				CF0839112127CDD500CC0725 /* HSAddressTableViewCell.swift in Sources */,
				CF0839042127BC8C00CC0725 /* NYCHSViewController.swift in Sources */,
				CFA07E582127DC64005670E3 /* CellAnimator.swift in Sources */,
				CF2370B4212B26C6007874B6 /* NYCHSTableViewCell.swift in Sources */,
				CF0838D22127B95E00CC0725 /* AppDelegate.swift in Sources */,
				CF2F167F2127D3D80007CEA8 /* HSSatScoresTableViewCell.swift in Sources */,
				CF08390C2127C96D00CC0725 /* NYCHSDetailTableViewController.swift in Sources */,
				CF0839082127BF4600CC0725 /* Constants.swift in Sources */,
				CFA07E532127D7DD005670E3 /* Extensions.swift in Sources */,
				CFA07E502127D631005670E3 /* HSContactTableViewCell.swift in Sources */,
			);
			runOnlyForDeploymentPostprocessing = 0;
		};
		CF0838DE2127B95E00CC0725 /* Sources */ = {
			isa = PBXSourcesBuildPhase;
			buildActionMask = 2147483647;
			files = (
				CF0838E72127B95E00CC0725 /* _0180817_AfnanMirza_NYCSchoolsTests.swift in Sources */,
			);
			runOnlyForDeploymentPostprocessing = 0;
		};
		CF0838E92127B95E00CC0725 /* Sources */ = {
			isa = PBXSourcesBuildPhase;
			buildActionMask = 2147483647;
			files = (
				CF0838F22127B95E00CC0725 /* _0180817_AfnanMirza_NYCSchoolsUITests.swift in Sources */,
			);
			runOnlyForDeploymentPostprocessing = 0;
		};
/* End PBXSourcesBuildPhase section */

/* Begin PBXTargetDependency section */
		CF0838E42127B95E00CC0725 /* PBXTargetDependency */ = {
			isa = PBXTargetDependency;
			target = CF0838CD2127B95D00CC0725 /* 20180817-AfnanMirza-NYCSchools */;
			targetProxy = CF0838E32127B95E00CC0725 /* PBXContainerItemProxy */;
		};
		CF0838EF2127B95E00CC0725 /* PBXTargetDependency */ = {
			isa = PBXTargetDependency;
			target = CF0838CD2127B95D00CC0725 /* 20180817-AfnanMirza-NYCSchools */;
			targetProxy = CF0838EE2127B95E00CC0725 /* PBXContainerItemProxy */;
		};
/* End PBXTargetDependency section */

/* Begin PBXVariantGroup section */
		CF0838D52127B95E00CC0725 /* Main.storyboard */ = {
			isa = PBXVariantGroup;
			children = (
				CF0838D62127B95E00CC0725 /* Base */,
			);
			name = Main.storyboard;
			sourceTree = "<group>";
		};
		CF0838DA2127B95E00CC0725 /* LaunchScreen.storyboard */ = {
			isa = PBXVariantGroup;
			children = (
				CF0838DB2127B95E00CC0725 /* Base */,
			);
			name = LaunchScreen.storyboard;
			sourceTree = "<group>";
		};
/* End PBXVariantGroup section */

/* Begin XCBuildConfiguration section */
		CF0838F42127B95E00CC0725 /* Debug */ = {
			isa = XCBuildConfiguration;
			buildSettings = {
				ALWAYS_SEARCH_USER_PATHS = NO;
				CLANG_ANALYZER_NONNULL = YES;
				CLANG_ANALYZER_NUMBER_OBJECT_CONVERSION = YES_AGGRESSIVE;
				CLANG_CXX_LANGUAGE_STANDARD = "gnu++14";
				CLANG_CXX_LIBRARY = "libc++";
				CLANG_ENABLE_MODULES = YES;
				CLANG_ENABLE_OBJC_ARC = YES;
				CLANG_WARN_BLOCK_CAPTURE_AUTORELEASING = YES;
				CLANG_WARN_BOOL_CONVERSION = YES;
				CLANG_WARN_COMMA = YES;
				CLANG_WARN_CONSTANT_CONVERSION = YES;
				CLANG_WARN_DIRECT_OBJC_ISA_USAGE = YES_ERROR;
				CLANG_WARN_DOCUMENTATION_COMMENTS = YES;
				CLANG_WARN_EMPTY_BODY = YES;
				CLANG_WARN_ENUM_CONVERSION = YES;
				CLANG_WARN_INFINITE_RECURSION = YES;
				CLANG_WARN_INT_CONVERSION = YES;
				CLANG_WARN_NON_LITERAL_NULL_CONVERSION = YES;
				CLANG_WARN_OBJC_LITERAL_CONVERSION = YES;
				CLANG_WARN_OBJC_ROOT_CLASS = YES_ERROR;
				CLANG_WARN_RANGE_LOOP_ANALYSIS = YES;
				CLANG_WARN_STRICT_PROTOTYPES = YES;
				CLANG_WARN_SUSPICIOUS_MOVE = YES;
				CLANG_WARN_UNGUARDED_AVAILABILITY = YES_AGGRESSIVE;
				CLANG_WARN_UNREACHABLE_CODE = YES;
				CLANG_WARN__DUPLICATE_METHOD_MATCH = YES;
				CODE_SIGN_IDENTITY = "iPhone Developer";
				COPY_PHASE_STRIP = NO;
				DEBUG_INFORMATION_FORMAT = dwarf;
				ENABLE_STRICT_OBJC_MSGSEND = YES;
				ENABLE_TESTABILITY = YES;
				GCC_C_LANGUAGE_STANDARD = gnu11;
				GCC_DYNAMIC_NO_PIC = NO;
				GCC_NO_COMMON_BLOCKS = YES;
				GCC_OPTIMIZATION_LEVEL = 0;
				GCC_PREPROCESSOR_DEFINITIONS = (
					"DEBUG=1",
					"$(inherited)",
				);
				GCC_WARN_64_TO_32_BIT_CONVERSION = YES;
				GCC_WARN_ABOUT_RETURN_TYPE = YES_ERROR;
				GCC_WARN_UNDECLARED_SELECTOR = YES;
				GCC_WARN_UNINITIALIZED_AUTOS = YES_AGGRESSIVE;
				GCC_WARN_UNUSED_FUNCTION = YES;
				GCC_WARN_UNUSED_VARIABLE = YES;
				IPHONEOS_DEPLOYMENT_TARGET = 11.2;
				MTL_ENABLE_DEBUG_INFO = YES;
				ONLY_ACTIVE_ARCH = YES;
				SDKROOT = iphoneos;
				SWIFT_ACTIVE_COMPILATION_CONDITIONS = DEBUG;
				SWIFT_OPTIMIZATION_LEVEL = "-Onone";
			};
			name = Debug;
		};
		CF0838F52127B95E00CC0725 /* Release */ = {
			isa = XCBuildConfiguration;
			buildSettings = {
				ALWAYS_SEARCH_USER_PATHS = NO;
				CLANG_ANALYZER_NONNULL = YES;
				CLANG_ANALYZER_NUMBER_OBJECT_CONVERSION = YES_AGGRESSIVE;
				CLANG_CXX_LANGUAGE_STANDARD = "gnu++14";
				CLANG_CXX_LIBRARY = "libc++";
				CLANG_ENABLE_MODULES = YES;
				CLANG_ENABLE_OBJC_ARC = YES;
				CLANG_WARN_BLOCK_CAPTURE_AUTORELEASING = YES;
				CLANG_WARN_BOOL_CONVERSION = YES;
				CLANG_WARN_COMMA = YES;
				CLANG_WARN_CONSTANT_CONVERSION = YES;
				CLANG_WARN_DIRECT_OBJC_ISA_USAGE = YES_ERROR;
				CLANG_WARN_DOCUMENTATION_COMMENTS = YES;
				CLANG_WARN_EMPTY_BODY = YES;
				CLANG_WARN_ENUM_CONVERSION = YES;
				CLANG_WARN_INFINITE_RECURSION = YES;
				CLANG_WARN_INT_CONVERSION = YES;
				CLANG_WARN_NON_LITERAL_NULL_CONVERSION = YES;
				CLANG_WARN_OBJC_LITERAL_CONVERSION = YES;
				CLANG_WARN_OBJC_ROOT_CLASS = YES_ERROR;
				CLANG_WARN_RANGE_LOOP_ANALYSIS = YES;
				CLANG_WARN_STRICT_PROTOTYPES = YES;
				CLANG_WARN_SUSPICIOUS_MOVE = YES;
				CLANG_WARN_UNGUARDED_AVAILABILITY = YES_AGGRESSIVE;
				CLANG_WARN_UNREACHABLE_CODE = YES;
				CLANG_WARN__DUPLICATE_METHOD_MATCH = YES;
				CODE_SIGN_IDENTITY = "iPhone Developer";
				COPY_PHASE_STRIP = NO;
				DEBUG_INFORMATION_FORMAT = "dwarf-with-dsym";
				ENABLE_NS_ASSERTIONS = NO;
				ENABLE_STRICT_OBJC_MSGSEND = YES;
				GCC_C_LANGUAGE_STANDARD = gnu11;
				GCC_NO_COMMON_BLOCKS = YES;
				GCC_WARN_64_TO_32_BIT_CONVERSION = YES;
				GCC_WARN_ABOUT_RETURN_TYPE = YES_ERROR;
				GCC_WARN_UNDECLARED_SELECTOR = YES;
				GCC_WARN_UNINITIALIZED_AUTOS = YES_AGGRESSIVE;
				GCC_WARN_UNUSED_FUNCTION = YES;
				GCC_WARN_UNUSED_VARIABLE = YES;
				IPHONEOS_DEPLOYMENT_TARGET = 11.2;
				MTL_ENABLE_DEBUG_INFO = NO;
				SDKROOT = iphoneos;
				SWIFT_OPTIMIZATION_LEVEL = "-Owholemodule";
				VALIDATE_PRODUCT = YES;
			};
			name = Release;
		};
		CF0838F72127B95E00CC0725 /* Debug */ = {
			isa = XCBuildConfiguration;
			buildSettings = {
				ASSETCATALOG_COMPILER_APPICON_NAME = AppIcon;
				CODE_SIGN_STYLE = Automatic;
				DEVELOPMENT_TEAM = "";
				INFOPLIST_FILE = "$(SRCROOT)/20180817-AfnanMirza-NYCSchools/Supporting Files/Info.plist";
				LD_RUNPATH_SEARCH_PATHS = "$(inherited) @executable_path/Frameworks";
				PRODUCT_BUNDLE_IDENTIFIER = "com.afnanmirza.-0180817-AfnanMirza-NYCSchools";
				PRODUCT_NAME = "$(TARGET_NAME)";
				SWIFT_VERSION = 4.0;
				TARGETED_DEVICE_FAMILY = 1;
			};
			name = Debug;
		};
		CF0838F82127B95E00CC0725 /* Release */ = {
			isa = XCBuildConfiguration;
			buildSettings = {
				ASSETCATALOG_COMPILER_APPICON_NAME = AppIcon;
				CODE_SIGN_STYLE = Automatic;
				DEVELOPMENT_TEAM = "";
				INFOPLIST_FILE = "$(SRCROOT)/20180817-AfnanMirza-NYCSchools/Supporting Files/Info.plist";
				LD_RUNPATH_SEARCH_PATHS = "$(inherited) @executable_path/Frameworks";
				PRODUCT_BUNDLE_IDENTIFIER = "com.afnanmirza.-0180817-AfnanMirza-NYCSchools";
				PRODUCT_NAME = "$(TARGET_NAME)";
				SWIFT_VERSION = 4.0;
				TARGETED_DEVICE_FAMILY = 1;
			};
			name = Release;
		};
		CF0838FA2127B95E00CC0725 /* Debug */ = {
			isa = XCBuildConfiguration;
			buildSettings = {
				ALWAYS_EMBED_SWIFT_STANDARD_LIBRARIES = YES;
				BUNDLE_LOADER = "$(TEST_HOST)";
				CODE_SIGN_STYLE = Automatic;
				INFOPLIST_FILE = "20180817-AfnanMirza-NYCSchoolsTests/Info.plist";
				LD_RUNPATH_SEARCH_PATHS = "$(inherited) @executable_path/Frameworks @loader_path/Frameworks";
				PRODUCT_BUNDLE_IDENTIFIER = "com.afnanmirza.-0180817-AfnanMirza-NYCSchoolsTests";
				PRODUCT_NAME = "$(TARGET_NAME)";
				SWIFT_VERSION = 4.0;
				TARGETED_DEVICE_FAMILY = "1,2";
				TEST_HOST = "$(BUILT_PRODUCTS_DIR)/20180817-AfnanMirza-NYCSchools.app/20180817-AfnanMirza-NYCSchools";
			};
			name = Debug;
		};
		CF0838FB2127B95E00CC0725 /* Release */ = {
			isa = XCBuildConfiguration;
			buildSettings = {
				ALWAYS_EMBED_SWIFT_STANDARD_LIBRARIES = YES;
				BUNDLE_LOADER = "$(TEST_HOST)";
				CODE_SIGN_STYLE = Automatic;
				INFOPLIST_FILE = "20180817-AfnanMirza-NYCSchoolsTests/Info.plist";
				LD_RUNPATH_SEARCH_PATHS = "$(inherited) @executable_path/Frameworks @loader_path/Frameworks";
				PRODUCT_BUNDLE_IDENTIFIER = "com.afnanmirza.-0180817-AfnanMirza-NYCSchoolsTests";
				PRODUCT_NAME = "$(TARGET_NAME)";
				SWIFT_VERSION = 4.0;
				TARGETED_DEVICE_FAMILY = "1,2";
				TEST_HOST = "$(BUILT_PRODUCTS_DIR)/20180817-AfnanMirza-NYCSchools.app/20180817-AfnanMirza-NYCSchools";
			};
			name = Release;
		};
		CF0838FD2127B95E00CC0725 /* Debug */ = {
			isa = XCBuildConfiguration;
			buildSettings = {
				ALWAYS_EMBED_SWIFT_STANDARD_LIBRARIES = YES;
				CODE_SIGN_STYLE = Automatic;
				INFOPLIST_FILE = "20180817-AfnanMirza-NYCSchoolsUITests/Info.plist";
				LD_RUNPATH_SEARCH_PATHS = "$(inherited) @executable_path/Frameworks @loader_path/Frameworks";
				PRODUCT_BUNDLE_IDENTIFIER = "com.afnanmirza.-0180817-AfnanMirza-NYCSchoolsUITests";
				PRODUCT_NAME = "$(TARGET_NAME)";
				SWIFT_VERSION = 4.0;
				TARGETED_DEVICE_FAMILY = "1,2";
				TEST_TARGET_NAME = "20180817-AfnanMirza-NYCSchools";
			};
			name = Debug;
		};
		CF0838FE2127B95E00CC0725 /* Release */ = {
			isa = XCBuildConfiguration;
			buildSettings = {
				ALWAYS_EMBED_SWIFT_STANDARD_LIBRARIES = YES;
				CODE_SIGN_STYLE = Automatic;
				INFOPLIST_FILE = "20180817-AfnanMirza-NYCSchoolsUITests/Info.plist";
				LD_RUNPATH_SEARCH_PATHS = "$(inherited) @executable_path/Frameworks @loader_path/Frameworks";
				PRODUCT_BUNDLE_IDENTIFIER = "com.afnanmirza.-0180817-AfnanMirza-NYCSchoolsUITests";
				PRODUCT_NAME = "$(TARGET_NAME)";
				SWIFT_VERSION = 4.0;
				TARGETED_DEVICE_FAMILY = "1,2";
				TEST_TARGET_NAME = "20180817-AfnanMirza-NYCSchools";
			};
			name = Release;
		};
/* End XCBuildConfiguration section */

/* Begin XCConfigurationList section */
		CF0838C92127B95D00CC0725 /* Build configuration list for PBXProject "20180817-AfnanMirza-NYCSchools" */ = {
			isa = XCConfigurationList;
			buildConfigurations = (
				CF0838F42127B95E00CC0725 /* Debug */,
				CF0838F52127B95E00CC0725 /* Release */,
			);
			defaultConfigurationIsVisible = 0;
			defaultConfigurationName = Release;
		};
		CF0838F62127B95E00CC0725 /* Build configuration list for PBXNativeTarget "20180817-AfnanMirza-NYCSchools" */ = {
			isa = XCConfigurationList;
			buildConfigurations = (
				CF0838F72127B95E00CC0725 /* Debug */,
				CF0838F82127B95E00CC0725 /* Release */,
			);
			defaultConfigurationIsVisible = 0;
			defaultConfigurationName = Release;
		};
		CF0838F92127B95E00CC0725 /* Build configuration list for PBXNativeTarget "20180817-AfnanMirza-NYCSchoolsTests" */ = {
			isa = XCConfigurationList;
			buildConfigurations = (
				CF0838FA2127B95E00CC0725 /* Debug */,
				CF0838FB2127B95E00CC0725 /* Release */,
			);
			defaultConfigurationIsVisible = 0;
			defaultConfigurationName = Release;
		};
		CF0838FC2127B95E00CC0725 /* Build configuration list for PBXNativeTarget "20180817-AfnanMirza-NYCSchoolsUITests" */ = {
			isa = XCConfigurationList;
			buildConfigurations = (
				CF0838FD2127B95E00CC0725 /* Debug */,
				CF0838FE2127B95E00CC0725 /* Release */,
			);
			defaultConfigurationIsVisible = 0;
			defaultConfigurationName = Release;
		};
/* End XCConfigurationList section */
	};
	rootObject = CF0838C62127B95D00CC0725 /* Project object */;
}
